{
  "name": "merge_image",
  "version": "1.0.0",
  "lockfileVersion": 3,
  "requires": true,
  "packages": {
    "": {
      "version": "1.0.0",
      "license": "ISC",
      "dependencies": {
        "canvas": "^1.6.7",
        "merge-images": "^1.0.7"
      }
    },
    "node_modules/canvas": {
      "version": "1.6.13",
      "resolved": "https://registry.npmjs.org/canvas/-/canvas-1.6.13.tgz",
      "integrity": "sha512-XAfzfEOHZ3JIPjEV+WSI6PpISgUta3dgmndWbsajotz+0TQOX/jDpp2kawjRERatOGv9sMMzk5auB3GKEKA6hg==",
      "hasInstallScript": true,
      "license": "MIT",
      "dependencies": {
        "nan": "^2.10.0"
      },
      "engines": {
        "node": ">=0.8.0"
      }
    },
    "node_modules/merge-images": {
      "version": "1.0.7",
      "resolved": "https://registry.npmjs.org/merge-images/-/merge-images-1.0.7.tgz",
      "integrity": "sha1-8JFGYmP4eNFtBsA868N+qX6SiMo="
    },
    "node_modules/nan": {
      "version": "2.22.2",
      "resolved": "https://registry.npmjs.org/nan/-/nan-2.22.2.tgz",
      "integrity": "sha512-DANghxFkS1plDdRsX0X9pm0Z6SJNN6gBdtXfanwoZ8hooC5gosGFSBGRYHUVPz1asKA/kMRqDRdHrluZ61SpBQ==",
      "license": "MIT"
    }
  }
}
